
Microsoft Visual Studio Solution File, Format Version 12.00
# Visual Studio Version 17
VisualStudioVersion = 17.4.33213.308
MinimumVisualStudioVersion = 10.0.40219.1
Project("{9A19103F-16F7-4668-BE54-9A1E7A4F7556}") = "WpfMvvmToolkitApp2", "WpfMvvmToolkitApp2\WpfMvvmToolkitApp2.csproj", "{DEC0150E-A0BC-4314-99B1-5FE677BA4991}"
EndProject
Global
	GlobalSection(SolutionConfigurationPlatforms) = preSolution
		Debug|Any CPU = Debug|Any CPU
		Release|Any CPU = Release|Any CPU
	EndGlobalSection
	GlobalSection(ProjectConfigurationPlatforms) = postSolution
		{DEC0150E-A0BC-4314-99B1-5FE677BA4991}.Debug|Any CPU.ActiveCfg = Debug|Any CPU
		{DEC0150E-A0BC-4314-99B1-5FE677BA4991}.Debug|Any CPU.Build.0 = Debug|Any CPU
		{DEC0150E-A0BC-4314-99B1-5FE677BA4991}.Release|Any CPU.ActiveCfg = Release|Any CPU
		{DEC0150E-A0BC-4314-99B1-5FE677BA4991}.Release|Any CPU.Build.0 = Release|Any CPU
	EndGlobalSection
	GlobalSection(SolutionProperties) = preSolution
		HideSolutionNode = FALSE
	EndGlobalSection
	GlobalSection(ExtensibilityGlobals) = postSolution
		SolutionGuid = {B3C5AAA7-391E-4749-84C0-E524808FF715}
	EndGlobalSection
EndGlobal
